// !$*UTF8*$!
{
	archiveVersion = 1;
	classes = {
	};
	objectVersion = 50;
	objects = {

/* Begin PBXBuildFile section */
		204C4D5B256BD7F80052E626 /* nameArray.swift in Sources */ = {isa = PBXBuildFile; fileRef = 204C4D5A256BD7F80052E626 /* nameArray.swift */; };
		20CB3637256BBE94005D50CE /* AppDelegate.swift in Sources */ = {isa = PBXBuildFile; fileRef = 20CB3636256BBE94005D50CE /* AppDelegate.swift */; };
		20CB3639256BBE94005D50CE /* SceneDelegate.swift in Sources */ = {isa = PBXBuildFile; fileRef = 20CB3638256BBE94005D50CE /* SceneDelegate.swift */; };
		20CB363B256BBE94005D50CE /* ListNotesViewController.swift in Sources */ = {isa = PBXBuildFile; fileRef = 20CB363A256BBE94005D50CE /* ListNotesViewController.swift */; };
		20CB363E256BBE94005D50CE /* Main.storyboard in Resources */ = {isa = PBXBuildFile; fileRef = 20CB363C256BBE94005D50CE /* Main.storyboard */; };
		20CB3641256BBE94005D50CE /* StuNotes_Test_.xcdatamodeld in Sources */ = {isa = PBXBuildFile; fileRef = 20CB363F256BBE94005D50CE /* StuNotes_Test_.xcdatamodeld */; };
		20CB3643256BBE96005D50CE /* Assets.xcassets in Resources */ = {isa = PBXBuildFile; fileRef = 20CB3642256BBE96005D50CE /* Assets.xcassets */; };
		20CB3646256BBE96005D50CE /* LaunchScreen.storyboard in Resources */ = {isa = PBXBuildFile; fileRef = 20CB3644256BBE96005D50CE /* LaunchScreen.storyboard */; };
		20CB364F256BC33B005D50CE /* CreateNoteViewController.swift in Sources */ = {isa = PBXBuildFile; fileRef = 20CB364E256BC33B005D50CE /* CreateNoteViewController.swift */; };
		20CB3653256BC8DE005D50CE /* Cell.swift in Sources */ = {isa = PBXBuildFile; fileRef = 20CB3652256BC8DE005D50CE /* Cell.swift */; };
/* End PBXBuildFile section */

/* Begin PBXFileReference section */
		204C4D5A256BD7F80052E626 /* nameArray.swift */ = {isa = PBXFileReference; lastKnownFileType = sourcecode.swift; path = nameArray.swift; sourceTree = "<group>"; };
		20CB3633256BBE94005D50CE /* StuNotes(Test).app */ = {isa = PBXFileReference; explicitFileType = wrapper.application; includeInIndex = 0; path = "StuNotes(Test).app"; sourceTree = BUILT_PRODUCTS_DIR; };
		20CB3636256BBE94005D50CE /* AppDelegate.swift */ = {isa = PBXFileReference; lastKnownFileType = sourcecode.swift; path = AppDelegate.swift; sourceTree = "<group>"; };
		20CB3638256BBE94005D50CE /* SceneDelegate.swift */ = {isa = PBXFileReference; lastKnownFileType = sourcecode.swift; path = SceneDelegate.swift; sourceTree = "<group>"; };
		20CB363A256BBE94005D50CE /* ListNotesViewController.swift */ = {isa = PBXFileReference; lastKnownFileType = sourcecode.swift; path = ListNotesViewController.swift; sourceTree = "<group>"; };
		20CB363D256BBE94005D50CE /* Base */ = {isa = PBXFileReference; lastKnownFileType = file.storyboard; name = Base; path = Base.lproj/Main.storyboard; sourceTree = "<group>"; };
		20CB3640256BBE94005D50CE /* StuNotes_Test_.xcdatamodel */ = {isa = PBXFileReference; lastKnownFileType = wrapper.xcdatamodel; path = StuNotes_Test_.xcdatamodel; sourceTree = "<group>"; };
		20CB3642256BBE96005D50CE /* Assets.xcassets */ = {isa = PBXFileReference; lastKnownFileType = folder.assetcatalog; path = Assets.xcassets; sourceTree = "<group>"; };
		20CB3645256BBE96005D50CE /* Base */ = {isa = PBXFileReference; lastKnownFileType = file.storyboard; name = Base; path = Base.lproj/LaunchScreen.storyboard; sourceTree = "<group>"; };
		20CB3647256BBE96005D50CE /* Info.plist */ = {isa = PBXFileReference; lastKnownFileType = text.plist.xml; path = Info.plist; sourceTree = "<group>"; };
		20CB364E256BC33B005D50CE /* CreateNoteViewController.swift */ = {isa = PBXFileReference; lastKnownFileType = sourcecode.swift; path = CreateNoteViewController.swift; sourceTree = "<group>"; };
		20CB3652256BC8DE005D50CE /* Cell.swift */ = {isa = PBXFileReference; lastKnownFileType = sourcecode.swift; path = Cell.swift; sourceTree = "<group>"; };
/* End PBXFileReference section */

/* Begin PBXFrameworksBuildPhase section */
		20CB3630256BBE94005D50CE /* Frameworks */ = {
			isa = PBXFrameworksBuildPhase;
			buildActionMask = 2147483647;
			files = (
			);
			runOnlyForDeploymentPostprocessing = 0;
		};
/* End PBXFrameworksBuildPhase section */

/* Begin PBXGroup section */
		20CB362A256BBE94005D50CE = {
			isa = PBXGroup;
			children = (
				20CB3635256BBE94005D50CE /* StuNotes(Test) */,
				20CB3634256BBE94005D50CE /* Products */,
			);
			sourceTree = "<group>";
		};
		20CB3634256BBE94005D50CE /* Products */ = {
			isa = PBXGroup;
			children = (
				20CB3633256BBE94005D50CE /* StuNotes(Test).app */,
			);
			name = Products;
			sourceTree = "<group>";
		};
		20CB3635256BBE94005D50CE /* StuNotes(Test) */ = {
			isa = PBXGroup;
			children = (
				20CB363C256BBE94005D50CE /* Main.storyboard */,
				20CB3636256BBE94005D50CE /* AppDelegate.swift */,
				20CB3638256BBE94005D50CE /* SceneDelegate.swift */,
				20CB363A256BBE94005D50CE /* ListNotesViewController.swift */,
				204C4D5A256BD7F80052E626 /* nameArray.swift */,
				20CB364E256BC33B005D50CE /* CreateNoteViewController.swift */,
				20CB3652256BC8DE005D50CE /* Cell.swift */,
				20CB3642256BBE96005D50CE /* Assets.xcassets */,
				20CB3644256BBE96005D50CE /* LaunchScreen.storyboard */,
				20CB3647256BBE96005D50CE /* Info.plist */,
				20CB363F256BBE94005D50CE /* StuNotes_Test_.xcdatamodeld */,
			);
			path = "StuNotes(Test)";
			sourceTree = "<group>";
		};
/* End PBXGroup section */

/* Begin PBXNativeTarget section */
		20CB3632256BBE94005D50CE /* StuNotes(Test) */ = {
			isa = PBXNativeTarget;
			buildConfigurationList = 20CB364A256BBE96005D50CE /* Build configuration list for PBXNativeTarget "StuNotes(Test)" */;
			buildPhases = (
				20CB362F256BBE94005D50CE /* Sources */,
				20CB3630256BBE94005D50CE /* Frameworks */,
				20CB3631256BBE94005D50CE /* Resources */,
			);
			buildRules = (
			);
			dependencies = (
			);
			name = "StuNotes(Test)";
			productName = "StuNotes(Test)";
			productReference = 20CB3633256BBE94005D50CE /* StuNotes(Test).app */;
			productType = "com.apple.product-type.application";
		};
/* End PBXNativeTarget section */

/* Begin PBXProject section */
		20CB362B256BBE94005D50CE /* Project object */ = {
			isa = PBXProject;
			attributes = {
				LastSwiftUpdateCheck = 1210;
				LastUpgradeCheck = 1210;
				TargetAttributes = {
					20CB3632256BBE94005D50CE = {
						CreatedOnToolsVersion = 12.1;
					};
				};
			};
			buildConfigurationList = 20CB362E256BBE94005D50CE /* Build configuration list for PBXProject "StuNotes(Test)" */;
			compatibilityVersion = "Xcode 9.3";
			developmentRegion = en;
			hasScannedForEncodings = 0;
			knownRegions = (
				en,
				Base,
			);
			mainGroup = 20CB362A256BBE94005D50CE;
			productRefGroup = 20CB3634256BBE94005D50CE /* Products */;
			projectDirPath = "";
			projectRoot = "";
			targets = (
				20CB3632256BBE94005D50CE /* StuNotes(Test) */,
			);
		};
/* End PBXProject section */

/* Begin PBXResourcesBuildPhase section */
		20CB3631256BBE94005D50CE /* Resources */ = {
			isa = PBXResourcesBuildPhase;
			buildActionMask = 2147483647;
			files = (
				20CB3646256BBE96005D50CE /* LaunchScreen.storyboard in Resources */,
				20CB3643256BBE96005D50CE /* Assets.xcassets in Resources */,
				20CB363E256BBE94005D50CE /* Main.storyboard in Resources */,
			);
			runOnlyForDeploymentPostprocessing = 0;
		};
/* End PBXResourcesBuildPhase section */

/* Begin PBXSourcesBuildPhase section */
		20CB362F256BBE94005D50CE /* Sources */ = {
			isa = PBXSourcesBuildPhase;
			buildActionMask = 2147483647;
			files = (
				20CB363B256BBE94005D50CE /* ListNotesViewController.swift in Sources */,
				204C4D5B256BD7F80052E626 /* nameArray.swift in Sources */,
				20CB3637256BBE94005D50CE /* AppDelegate.swift in Sources */,
				20CB3641256BBE94005D50CE /* StuNotes_Test_.xcdatamodeld in Sources */,
				20CB364F256BC33B005D50CE /* CreateNoteViewController.swift in Sources */,
				20CB3639256BBE94005D50CE /* SceneDelegate.swift in Sources */,
				20CB3653256BC8DE005D50CE /* Cell.swift in Sources */,
			);
			runOnlyForDeploymentPostprocessing = 0;
		};
/* End PBXSourcesBuildPhase section */

/* Begin PBXVariantGroup section */
		20CB363C256BBE94005D50CE /* Main.storyboard */ = {
			isa = PBXVariantGroup;
			children = (
				20CB363D256BBE94005D50CE /* Base */,
			);
			name = Main.storyboard;
			sourceTree = "<group>";
		};
		20CB3644256BBE96005D50CE /* LaunchScreen.storyboard */ = {
			isa = PBXVariantGroup;
			children = (
				20CB3645256BBE96005D50CE /* Base */,
			);
			name = LaunchScreen.storyboard;
			sourceTree = "<group>";
		};
/* End PBXVariantGroup section */

/* Begin XCBuildConfiguration section */
		20CB3648256BBE96005D50CE /* Debug */ = {
			isa = XCBuildConfiguration;
			buildSettings = {
				ALWAYS_SEARCH_USER_PATHS = NO;
				CLANG_ANALYZER_NONNULL = YES;
				CLANG_ANALYZER_NUMBER_OBJECT_CONVERSION = YES_AGGRESSIVE;
				CLANG_CXX_LANGUAGE_STANDARD = "gnu++14";
				CLANG_CXX_LIBRARY = "libc++";
				CLANG_ENABLE_MODULES = YES;
				CLANG_ENABLE_OBJC_ARC = YES;
				CLANG_ENABLE_OBJC_WEAK = YES;
				CLANG_WARN_BLOCK_CAPTURE_AUTORELEASING = YES;
				CLANG_WARN_BOOL_CONVERSION = YES;
				CLANG_WARN_COMMA = YES;
				CLANG_WARN_CONSTANT_CONVERSION = YES;
				CLANG_WARN_DEPRECATED_OBJC_IMPLEMENTATIONS = YES;
				CLANG_WARN_DIRECT_OBJC_ISA_USAGE = YES_ERROR;
				CLANG_WARN_DOCUMENTATION_COMMENTS = YES;
				CLANG_WARN_EMPTY_BODY = YES;
				CLANG_WARN_ENUM_CONVERSION = YES;
				CLANG_WARN_INFINITE_RECURSION = YES;
				CLANG_WARN_INT_CONVERSION = YES;
				CLANG_WARN_NON_LITERAL_NULL_CONVERSION = YES;
				CLANG_WARN_OBJC_IMPLICIT_RETAIN_SELF = YES;
				CLANG_WARN_OBJC_LITERAL_CONVERSION = YES;
				CLANG_WARN_OBJC_ROOT_CLASS = YES_ERROR;
				CLANG_WARN_QUOTED_INCLUDE_IN_FRAMEWORK_HEADER = YES;
				CLANG_WARN_RANGE_LOOP_ANALYSIS = YES;
				CLANG_WARN_STRICT_PROTOTYPES = YES;
				CLANG_WARN_SUSPICIOUS_MOVE = YES;
				CLANG_WARN_UNGUARDED_AVAILABILITY = YES_AGGRESSIVE;
				CLANG_WARN_UNREACHABLE_CODE = YES;
				CLANG_WARN__DUPLICATE_METHOD_MATCH = YES;
				COPY_PHASE_STRIP = NO;
				DEBUG_INFORMATION_FORMAT = dwarf;
				ENABLE_STRICT_OBJC_MSGSEND = YES;
				ENABLE_TESTABILITY = YES;
				GCC_C_LANGUAGE_STANDARD = gnu11;
				GCC_DYNAMIC_NO_PIC = NO;
				GCC_NO_COMMON_BLOCKS = YES;
				GCC_OPTIMIZATION_LEVEL = 0;
				GCC_PREPROCESSOR_DEFINITIONS = (
					"DEBUG=1",
					"$(inherited)",
				);
				GCC_WARN_64_TO_32_BIT_CONVERSION = YES;
				GCC_WARN_ABOUT_RETURN_TYPE = YES_ERROR;
				GCC_WARN_UNDECLARED_SELECTOR = YES;
				GCC_WARN_UNINITIALIZED_AUTOS = YES_AGGRESSIVE;
				GCC_WARN_UNUSED_FUNCTION = YES;
				GCC_WARN_UNUSED_VARIABLE = YES;
				IPHONEOS_DEPLOYMENT_TARGET = 14.1;
				MTL_ENABLE_DEBUG_INFO = INCLUDE_SOURCE;
				MTL_FAST_MATH = YES;
				ONLY_ACTIVE_ARCH = YES;
				SDKROOT = iphoneos;
				SWIFT_ACTIVE_COMPILATION_CONDITIONS = DEBUG;
				SWIFT_OPTIMIZATION_LEVEL = "-Onone";
			};
			name = Debug;
		};
		20CB3649256BBE96005D50CE /* Release */ = {
			isa = XCBuildConfiguration;
			buildSettings = {
				ALWAYS_SEARCH_USER_PATHS = NO;
				CLANG_ANALYZER_NONNULL = YES;
				CLANG_ANALYZER_NUMBER_OBJECT_CONVERSION = YES_AGGRESSIVE;
				CLANG_CXX_LANGUAGE_STANDARD = "gnu++14";
				CLANG_CXX_LIBRARY = "libc++";
				CLANG_ENABLE_MODULES = YES;
				CLANG_ENABLE_OBJC_ARC = YES;
				CLANG_ENABLE_OBJC_WEAK = YES;
				CLANG_WARN_BLOCK_CAPTURE_AUTORELEASING = YES;
				CLANG_WARN_BOOL_CONVERSION = YES;
				CLANG_WARN_COMMA = YES;
				CLANG_WARN_CONSTANT_CONVERSION = YES;
				CLANG_WARN_DEPRECATED_OBJC_IMPLEMENTATIONS = YES;
				CLANG_WARN_DIRECT_OBJC_ISA_USAGE = YES_ERROR;
				CLANG_WARN_DOCUMENTATION_COMMENTS = YES;
				CLANG_WARN_EMPTY_BODY = YES;
				CLANG_WARN_ENUM_CONVERSION = YES;
				CLANG_WARN_INFINITE_RECURSION = YES;
				CLANG_WARN_INT_CONVERSION = YES;
				CLANG_WARN_NON_LITERAL_NULL_CONVERSION = YES;
				CLANG_WARN_OBJC_IMPLICIT_RETAIN_SELF = YES;
				CLANG_WARN_OBJC_LITERAL_CONVERSION = YES;
				CLANG_WARN_OBJC_ROOT_CLASS = YES_ERROR;
				CLANG_WARN_QUOTED_INCLUDE_IN_FRAMEWORK_HEADER = YES;
				CLANG_WARN_RANGE_LOOP_ANALYSIS = YES;
				CLANG_WARN_STRICT_PROTOTYPES = YES;
				CLANG_WARN_SUSPICIOUS_MOVE = YES;
				CLANG_WARN_UNGUARDED_AVAILABILITY = YES_AGGRESSIVE;
				CLANG_WARN_UNREACHABLE_CODE = YES;
				CLANG_WARN__DUPLICATE_METHOD_MATCH = YES;
				COPY_PHASE_STRIP = NO;
				DEBUG_INFORMATION_FORMAT = "dwarf-with-dsym";
				ENABLE_NS_ASSERTIONS = NO;
				ENABLE_STRICT_OBJC_MSGSEND = YES;
				GCC_C_LANGUAGE_STANDARD = gnu11;
				GCC_NO_COMMON_BLOCKS = YES;
				GCC_WARN_64_TO_32_BIT_CONVERSION = YES;
				GCC_WARN_ABOUT_RETURN_TYPE = YES_ERROR;
				GCC_WARN_UNDECLARED_SELECTOR = YES;
				GCC_WARN_UNINITIALIZED_AUTOS = YES_AGGRESSIVE;
				GCC_WARN_UNUSED_FUNCTION = YES;
				GCC_WARN_UNUSED_VARIABLE = YES;
				IPHONEOS_DEPLOYMENT_TARGET = 14.1;
				MTL_ENABLE_DEBUG_INFO = NO;
				MTL_FAST_MATH = YES;
				SDKROOT = iphoneos;
				SWIFT_COMPILATION_MODE = wholemodule;
				SWIFT_OPTIMIZATION_LEVEL = "-O";
				VALIDATE_PRODUCT = YES;
			};
			name = Release;
		};
		20CB364B256BBE96005D50CE /* Debug */ = {
			isa = XCBuildConfiguration;
			buildSettings = {
				ASSETCATALOG_COMPILER_APPICON_NAME = AppIcon;
				ASSETCATALOG_COMPILER_GLOBAL_ACCENT_COLOR_NAME = AccentColor;
				CODE_SIGN_STYLE = Automatic;
				DEVELOPMENT_TEAM = QHPV38N7M5;
				INFOPLIST_FILE = "StuNotes(Test)/Info.plist";
				LD_RUNPATH_SEARCH_PATHS = (
					"$(inherited)",
					"@executable_path/Frameworks",
				);
				PRODUCT_BUNDLE_IDENTIFIER = "Stu.StuNotes-Test-";
				PRODUCT_NAME = "$(TARGET_NAME)";
				SWIFT_VERSION = 5.0;
				TARGETED_DEVICE_FAMILY = "1,2";
			};
			name = Debug;
		};
		20CB364C256BBE96005D50CE /* Release */ = {
			isa = XCBuildConfiguration;
			buildSettings = {
				ASSETCATALOG_COMPILER_APPICON_NAME = AppIcon;
				ASSETCATALOG_COMPILER_GLOBAL_ACCENT_COLOR_NAME = AccentColor;
				CODE_SIGN_STYLE = Automatic;
				DEVELOPMENT_TEAM = QHPV38N7M5;
				INFOPLIST_FILE = "StuNotes(Test)/Info.plist";
				LD_RUNPATH_SEARCH_PATHS = (
					"$(inherited)",
					"@executable_path/Frameworks",
				);
				PRODUCT_BUNDLE_IDENTIFIER = "Stu.StuNotes-Test-";
				PRODUCT_NAME = "$(TARGET_NAME)";
				SWIFT_VERSION = 5.0;
				TARGETED_DEVICE_FAMILY = "1,2";
			};
			name = Release;
		};
/* End XCBuildConfiguration section */

/* Begin XCConfigurationList section */
		20CB362E256BBE94005D50CE /* Build configuration list for PBXProject "StuNotes(Test)" */ = {
			isa = XCConfigurationList;
			buildConfigurations = (
				20CB3648256BBE96005D50CE /* Debug */,
				20CB3649256BBE96005D50CE /* Release */,
			);
			defaultConfigurationIsVisible = 0;
			defaultConfigurationName = Release;
		};
		20CB364A256BBE96005D50CE /* Build configuration list for PBXNativeTarget "StuNotes(Test)" */ = {
			isa = XCConfigurationList;
			buildConfigurations = (
				20CB364B256BBE96005D50CE /* Debug */,
				20CB364C256BBE96005D50CE /* Release */,
			);
			defaultConfigurationIsVisible = 0;
			defaultConfigurationName = Release;
		};
/* End XCConfigurationList section */

/* Begin XCVersionGroup section */
		20CB363F256BBE94005D50CE /* StuNotes_Test_.xcdatamodeld */ = {
			isa = XCVersionGroup;
			children = (
				20CB3640256BBE94005D50CE /* StuNotes_Test_.xcdatamodel */,
			);
			currentVersion = 20CB3640256BBE94005D50CE /* StuNotes_Test_.xcdatamodel */;
			path = StuNotes_Test_.xcdatamodeld;
			sourceTree = "<group>";
			versionGroupType = wrapper.xcdatamodel;
		};
/* End XCVersionGroup section */
	};
	rootObject = 20CB362B256BBE94005D50CE /* Project object */;
}
